
Microsoft Visual Studio Solution File, Format Version 12.00
# Visual Studio Version 16
VisualStudioVersion = 16.0.30114.105
MinimumVisualStudioVersion = 10.0.40219.1
Project("{9A19103F-16F7-4668-BE54-9A1E7A4F7556}") = "CareerCloud.Pocos", "CareerCloud.Pocos\CareerCloud.Pocos.csproj", "{6E76DFFD-F949-45D9-A86A-54FE98111CD6}"
EndProject
Project("{9A19103F-16F7-4668-BE54-9A1E7A4F7556}") = "CareerCloud.DataAccessLayer", "CareerCloud.DataAccessLayer\CareerCloud.DataAccessLayer.csproj", "{7E76CA25-05F2-4DA1-B8C6-FEA013026183}"
EndProject
Project("{9A19103F-16F7-4668-BE54-9A1E7A4F7556}") = "CareerCloud.ADODataAccessLayer", "CareerCloud.ADODataAccessLayer\CareerCloud.ADODataAccessLayer.csproj", "{16B0D317-A670-4F77-A155-8CDC9A10C078}"
EndProject
Project("{9A19103F-16F7-4668-BE54-9A1E7A4F7556}") = "CareerCloudCore.UnitTests.Assignment2", "CareerCloudCore.UnitTests.Assignment2-master\CareerCloudCore.UnitTests.Assignment2-master\CareerCloudCore.UnitTests.Assignment2.csproj", "{9A9BDC90-87DF-486D-9D64-BDBC8B10ED12}"
EndProject
Project("{9A19103F-16F7-4668-BE54-9A1E7A4F7556}") = "CareerCloud.BusinessLogicLayer", "CareerCloud.BusinessLogicLayer\CareerCloud.BusinessLogicLayer.csproj", "{6F50EB8A-606B-4D8E-B9A7-B5E546B345EB}"
EndProject
Project("{9A19103F-16F7-4668-BE54-9A1E7A4F7556}") = "CareerCloudCore.UnitTests.Assignment3", "CareerCloudCore.UnitTests.Assignment3-master\CareerCloudCore.UnitTests.Assignment3-master\CareerCloudCore.UnitTests.Assignment3.csproj", "{A4427197-E68A-4568-B5BC-38ACCDC8535D}"
EndProject
Project("{9A19103F-16F7-4668-BE54-9A1E7A4F7556}") = "CareerCloudCore.UnitTests.Assignment1", "CareerCloudCore.UnitTests.Assignment1\CareerCloudCore.UnitTests.Assignment1\CareerCloudCore.UnitTests.Assignment1.csproj", "{D0D18997-0197-466F-90F2-C301F150AEB1}"
EndProject
Project("{9A19103F-16F7-4668-BE54-9A1E7A4F7556}") = "CareerCloud.EntityFrameworkDataAccess", "CareerCloud.EntityFrameworkDataAccess\CareerCloud.EntityFrameworkDataAccess.csproj", "{018582D9-A018-471E-AB58-EE4FCE51ADCA}"
EndProject
Project("{9A19103F-16F7-4668-BE54-9A1E7A4F7556}") = "CareerCloudCore.UnitTests.Assignment4", "CareerCloudCore.UnitTests.Assignment4-master\CareerCloudCore.UnitTests.Assignment4.csproj", "{C7115F19-F3D2-4D89-A991-C125F3E7968B}"
EndProject
Project("{9A19103F-16F7-4668-BE54-9A1E7A4F7556}") = "CareerCloud.WebAPI", "CareerCloud.WebAPI\CareerCloud.WebAPI.csproj", "{74240902-5F9A-47AA-8F3A-542487569634}"
EndProject
Project("{9A19103F-16F7-4668-BE54-9A1E7A4F7556}") = "CareerCloudCore.UnitTests.Assignment5", "CareerCloudCore.UnitTests.Assignment5-master\CareerCloudCore.UnitTests.Assignment5-master\CareerCloudCore.UnitTests.Assignment5.csproj", "{B1FA9CA6-2978-474F-92A9-909A93701B48}"
EndProject
Global
	GlobalSection(SolutionConfigurationPlatforms) = preSolution
		Debug|Any CPU = Debug|Any CPU
		Release|Any CPU = Release|Any CPU
	EndGlobalSection
	GlobalSection(ProjectConfigurationPlatforms) = postSolution
		{6E76DFFD-F949-45D9-A86A-54FE98111CD6}.Debug|Any CPU.ActiveCfg = Debug|Any CPU
		{6E76DFFD-F949-45D9-A86A-54FE98111CD6}.Debug|Any CPU.Build.0 = Debug|Any CPU
		{6E76DFFD-F949-45D9-A86A-54FE98111CD6}.Release|Any CPU.ActiveCfg = Release|Any CPU
		{6E76DFFD-F949-45D9-A86A-54FE98111CD6}.Release|Any CPU.Build.0 = Release|Any CPU
		{7E76CA25-05F2-4DA1-B8C6-FEA013026183}.Debug|Any CPU.ActiveCfg = Debug|Any CPU
		{7E76CA25-05F2-4DA1-B8C6-FEA013026183}.Debug|Any CPU.Build.0 = Debug|Any CPU
		{7E76CA25-05F2-4DA1-B8C6-FEA013026183}.Release|Any CPU.ActiveCfg = Release|Any CPU
		{7E76CA25-05F2-4DA1-B8C6-FEA013026183}.Release|Any CPU.Build.0 = Release|Any CPU
		{16B0D317-A670-4F77-A155-8CDC9A10C078}.Debug|Any CPU.ActiveCfg = Debug|Any CPU
		{16B0D317-A670-4F77-A155-8CDC9A10C078}.Debug|Any CPU.Build.0 = Debug|Any CPU
		{16B0D317-A670-4F77-A155-8CDC9A10C078}.Release|Any CPU.ActiveCfg = Release|Any CPU
		{16B0D317-A670-4F77-A155-8CDC9A10C078}.Release|Any CPU.Build.0 = Release|Any CPU
		{9A9BDC90-87DF-486D-9D64-BDBC8B10ED12}.Debug|Any CPU.ActiveCfg = Debug|Any CPU
		{9A9BDC90-87DF-486D-9D64-BDBC8B10ED12}.Debug|Any CPU.Build.0 = Debug|Any CPU
		{9A9BDC90-87DF-486D-9D64-BDBC8B10ED12}.Release|Any CPU.ActiveCfg = Release|Any CPU
		{9A9BDC90-87DF-486D-9D64-BDBC8B10ED12}.Release|Any CPU.Build.0 = Release|Any CPU
		{6F50EB8A-606B-4D8E-B9A7-B5E546B345EB}.Debug|Any CPU.ActiveCfg = Debug|Any CPU
		{6F50EB8A-606B-4D8E-B9A7-B5E546B345EB}.Debug|Any CPU.Build.0 = Debug|Any CPU
		{6F50EB8A-606B-4D8E-B9A7-B5E546B345EB}.Release|Any CPU.ActiveCfg = Release|Any CPU
		{6F50EB8A-606B-4D8E-B9A7-B5E546B345EB}.Release|Any CPU.Build.0 = Release|Any CPU
		{A4427197-E68A-4568-B5BC-38ACCDC8535D}.Debug|Any CPU.ActiveCfg = Debug|Any CPU
		{A4427197-E68A-4568-B5BC-38ACCDC8535D}.Debug|Any CPU.Build.0 = Debug|Any CPU
		{A4427197-E68A-4568-B5BC-38ACCDC8535D}.Release|Any CPU.ActiveCfg = Release|Any CPU
		{A4427197-E68A-4568-B5BC-38ACCDC8535D}.Release|Any CPU.Build.0 = Release|Any CPU
		{D0D18997-0197-466F-90F2-C301F150AEB1}.Debug|Any CPU.ActiveCfg = Debug|Any CPU
		{D0D18997-0197-466F-90F2-C301F150AEB1}.Debug|Any CPU.Build.0 = Debug|Any CPU
		{D0D18997-0197-466F-90F2-C301F150AEB1}.Release|Any CPU.ActiveCfg = Release|Any CPU
		{D0D18997-0197-466F-90F2-C301F150AEB1}.Release|Any CPU.Build.0 = Release|Any CPU
		{018582D9-A018-471E-AB58-EE4FCE51ADCA}.Debug|Any CPU.ActiveCfg = Debug|Any CPU
		{018582D9-A018-471E-AB58-EE4FCE51ADCA}.Debug|Any CPU.Build.0 = Debug|Any CPU
		{018582D9-A018-471E-AB58-EE4FCE51ADCA}.Release|Any CPU.ActiveCfg = Release|Any CPU
		{018582D9-A018-471E-AB58-EE4FCE51ADCA}.Release|Any CPU.Build.0 = Release|Any CPU
		{C7115F19-F3D2-4D89-A991-C125F3E7968B}.Debug|Any CPU.ActiveCfg = Debug|Any CPU
		{C7115F19-F3D2-4D89-A991-C125F3E7968B}.Debug|Any CPU.Build.0 = Debug|Any CPU
		{C7115F19-F3D2-4D89-A991-C125F3E7968B}.Release|Any CPU.ActiveCfg = Release|Any CPU
		{C7115F19-F3D2-4D89-A991-C125F3E7968B}.Release|Any CPU.Build.0 = Release|Any CPU
		{74240902-5F9A-47AA-8F3A-542487569634}.Debug|Any CPU.ActiveCfg = Debug|Any CPU
		{74240902-5F9A-47AA-8F3A-542487569634}.Debug|Any CPU.Build.0 = Debug|Any CPU
		{74240902-5F9A-47AA-8F3A-542487569634}.Release|Any CPU.ActiveCfg = Release|Any CPU
		{74240902-5F9A-47AA-8F3A-542487569634}.Release|Any CPU.Build.0 = Release|Any CPU
		{B1FA9CA6-2978-474F-92A9-909A93701B48}.Debug|Any CPU.ActiveCfg = Debug|Any CPU
		{B1FA9CA6-2978-474F-92A9-909A93701B48}.Debug|Any CPU.Build.0 = Debug|Any CPU
		{B1FA9CA6-2978-474F-92A9-909A93701B48}.Release|Any CPU.ActiveCfg = Release|Any CPU
		{B1FA9CA6-2978-474F-92A9-909A93701B48}.Release|Any CPU.Build.0 = Release|Any CPU
	EndGlobalSection
	GlobalSection(SolutionProperties) = preSolution
		HideSolutionNode = FALSE
	EndGlobalSection
	GlobalSection(ExtensibilityGlobals) = postSolution
		SolutionGuid = {7542A274-C72E-44C8-9662-49BE50A005B7}
	EndGlobalSection
EndGlobal
